
Microsoft Visual Studio Solution File, Format Version 12.00
# Visual Studio Version 16
VisualStudioVersion = 16.0.31515.178
MinimumVisualStudioVersion = 10.0.40219.1
Project("{FAE04EC0-301F-11D3-BF4B-00C04F79EFBC}") = "MemberSys_SQLite", "MemberSys_SQLite\MemberSys_SQLite.csproj", "{BFA9CD51-AD40-4768-A736-F3C961A3CF20}"
EndProject
Global
	GlobalSection(SolutionConfigurationPlatforms) = preSolution
		Debug|Any CPU = Debug|Any CPU
		Release|Any CPU = Release|Any CPU
	EndGlobalSection
	GlobalSection(ProjectConfigurationPlatforms) = postSolution
		{BFA9CD51-AD40-4768-A736-F3C961A3CF20}.Debug|Any CPU.ActiveCfg = Debug|Any CPU
		{BFA9CD51-AD40-4768-A736-F3C961A3CF20}.Debug|Any CPU.Build.0 = Debug|Any CPU
		{BFA9CD51-AD40-4768-A736-F3C961A3CF20}.Release|Any CPU.ActiveCfg = Release|Any CPU
		{BFA9CD51-AD40-4768-A736-F3C961A3CF20}.Release|Any CPU.Build.0 = Release|Any CPU
	EndGlobalSection
	GlobalSection(SolutionProperties) = preSolution
		HideSolutionNode = FALSE
	EndGlobalSection
	GlobalSection(ExtensibilityGlobals) = postSolution
		SolutionGuid = {D82EABC9-7B20-4806-AD94-4C064A2CB193}
	EndGlobalSection
EndGlobal
